{
  "version": "4",
  "specifiers": {
    "jsr:@std/assert@1": "1.0.8",
    "jsr:@std/internal@^1.0.5": "1.0.5",
    "jsr:@supabase/supabase-js@*": "2.46.2",
    "jsr:@supabase/supabase-js@^2.46.2": "2.46.2",
    "npm:@supabase/auth-js@2.65.1": "2.65.1",
    "npm:@supabase/functions-js@2.4.3": "2.4.3",
    "npm:@supabase/node-fetch@2.6.15": "2.6.15",
    "npm:@supabase/postgrest-js@1.16.3": "1.16.3",
    "npm:@supabase/realtime-js@2.10.9": "2.10.9",
    "npm:@supabase/storage-js@2.7.1": "2.7.1",
    "npm:@types/node@*": "22.5.4",
    "npm:frad@*": "0.3.1",
    "npm:frad@~0.3.1": "0.3.1",
    "npm:pluralize@*": "8.0.0",
    "npm:pluralize@8": "8.0.0",
    "npm:ts-morph@*": "24.0.0",
    "npm:ts-morph@24": "24.0.0",
    "npm:zod@^3.23.8": "3.23.8"
  },
  "jsr": {
    "@std/assert@1.0.8": {
      "integrity": "ebe0bd7eb488ee39686f77003992f389a06c3da1bbd8022184804852b2fa641b",
      "dependencies": [
        "jsr:@std/internal"
      ]
    },
    "@std/internal@1.0.5": {
      "integrity": "54a546004f769c1ac9e025abd15a76b6671ddc9687e2313b67376125650dc7ba"
    },
    "@supabase/supabase-js@2.46.2": {
      "integrity": "4fddd5db4bd8f3d1a3e84321e5cbfa60e3bc87ec618e01d06a626757c21fcc3b",
      "dependencies": [
        "npm:@supabase/auth-js",
        "npm:@supabase/functions-js",
        "npm:@supabase/node-fetch",
        "npm:@supabase/postgrest-js",
        "npm:@supabase/realtime-js",
        "npm:@supabase/storage-js"
      ]
    }
  },
  "npm": {
    "@inquirer/checkbox@2.5.0": {
      "integrity": "sha512-sMgdETOfi2dUHT8r7TT1BTKOwNvdDGFDXYWtQ2J69SvlYNntk9I/gJe7r5yvMwwsuKnYbuRs3pNhx4tgNck5aA==",
      "dependencies": [
        "@inquirer/core",
        "@inquirer/figures",
        "@inquirer/type@1.5.5",
        "ansi-escapes",
        "yoctocolors-cjs"
      ]
    },
    "@inquirer/confirm@3.2.0": {
      "integrity": "sha512-oOIwPs0Dvq5220Z8lGL/6LHRTEr9TgLHmiI99Rj1PJ1p1czTys+olrgBqZk4E2qC0YTzeHprxSQmoHioVdJ7Lw==",
      "dependencies": [
        "@inquirer/core",
        "@inquirer/type@1.5.5"
      ]
    },
    "@inquirer/core@9.2.1": {
      "integrity": "sha512-F2VBt7W/mwqEU4bL0RnHNZmC/OxzNx9cOYxHqnXX3MP6ruYvZUZAW9imgN9+h/uBT/oP8Gh888J2OZSbjSeWcg==",
      "dependencies": [
        "@inquirer/figures",
        "@inquirer/type@2.0.0",
        "@types/mute-stream",
        "@types/node@22.10.1",
        "@types/wrap-ansi",
        "ansi-escapes",
        "cli-width",
        "mute-stream",
        "signal-exit",
        "strip-ansi@6.0.1",
        "wrap-ansi",
        "yoctocolors-cjs"
      ]
    },
    "@inquirer/editor@2.2.0": {
      "integrity": "sha512-9KHOpJ+dIL5SZli8lJ6xdaYLPPzB8xB9GZItg39MBybzhxA16vxmszmQFrRwbOA918WA2rvu8xhDEg/p6LXKbw==",
      "dependencies": [
        "@inquirer/core",
        "@inquirer/type@1.5.5",
        "external-editor"
      ]
    },
    "@inquirer/expand@2.3.0": {
      "integrity": "sha512-qnJsUcOGCSG1e5DTOErmv2BPQqrtT6uzqn1vI/aYGiPKq+FgslGZmtdnXbhuI7IlT7OByDoEEqdnhUnVR2hhLw==",
      "dependencies": [
        "@inquirer/core",
        "@inquirer/type@1.5.5",
        "yoctocolors-cjs"
      ]
    },
    "@inquirer/figures@1.0.8": {
      "integrity": "sha512-tKd+jsmhq21AP1LhexC0pPwsCxEhGgAkg28byjJAd+xhmIs8LUX8JbUc3vBf3PhLxWiB5EvyBE5X7JSPAqMAqg=="
    },
    "@inquirer/input@2.3.0": {
      "integrity": "sha512-XfnpCStx2xgh1LIRqPXrTNEEByqQWoxsWYzNRSEUxJ5c6EQlhMogJ3vHKu8aXuTacebtaZzMAHwEL0kAflKOBw==",
      "dependencies": [
        "@inquirer/core",
        "@inquirer/type@1.5.5"
      ]
    },
    "@inquirer/number@1.1.0": {
      "integrity": "sha512-ilUnia/GZUtfSZy3YEErXLJ2Sljo/mf9fiKc08n18DdwdmDbOzRcTv65H1jjDvlsAuvdFXf4Sa/aL7iw/NanVA==",
      "dependencies": [
        "@inquirer/core",
        "@inquirer/type@1.5.5"
      ]
    },
    "@inquirer/password@2.2.0": {
      "integrity": "sha512-5otqIpgsPYIshqhgtEwSspBQE40etouR8VIxzpJkv9i0dVHIpyhiivbkH9/dGiMLdyamT54YRdGJLfl8TFnLHg==",
      "dependencies": [
        "@inquirer/core",
        "@inquirer/type@1.5.5",
        "ansi-escapes"
      ]
    },
    "@inquirer/prompts@5.5.0": {
      "integrity": "sha512-BHDeL0catgHdcHbSFFUddNzvx/imzJMft+tWDPwTm3hfu8/tApk1HrooNngB2Mb4qY+KaRWF+iZqoVUPeslEog==",
      "dependencies": [
        "@inquirer/checkbox",
        "@inquirer/confirm",
        "@inquirer/editor",
        "@inquirer/expand",
        "@inquirer/input",
        "@inquirer/number",
        "@inquirer/password",
        "@inquirer/rawlist",
        "@inquirer/search",
        "@inquirer/select"
      ]
    },
    "@inquirer/rawlist@2.3.0": {
      "integrity": "sha512-zzfNuINhFF7OLAtGHfhwOW2TlYJyli7lOUoJUXw/uyklcwalV6WRXBXtFIicN8rTRK1XTiPWB4UY+YuW8dsnLQ==",
      "dependencies": [
        "@inquirer/core",
        "@inquirer/type@1.5.5",
        "yoctocolors-cjs"
      ]
    },
    "@inquirer/search@1.1.0": {
      "integrity": "sha512-h+/5LSj51dx7hp5xOn4QFnUaKeARwUCLs6mIhtkJ0JYPBLmEYjdHSYh7I6GrLg9LwpJ3xeX0FZgAG1q0QdCpVQ==",
      "dependencies": [
        "@inquirer/core",
        "@inquirer/figures",
        "@inquirer/type@1.5.5",
        "yoctocolors-cjs"
      ]
    },
    "@inquirer/select@2.5.0": {
      "integrity": "sha512-YmDobTItPP3WcEI86GvPo+T2sRHkxxOq/kXmsBjHS5BVXUgvgZ5AfJjkvQvZr03T81NnI3KrrRuMzeuYUQRFOA==",
      "dependencies": [
        "@inquirer/core",
        "@inquirer/figures",
        "@inquirer/type@1.5.5",
        "ansi-escapes",
        "yoctocolors-cjs"
      ]
    },
    "@inquirer/type@1.5.5": {
      "integrity": "sha512-MzICLu4yS7V8AA61sANROZ9vT1H3ooca5dSmI1FjZkzq7o/koMsRfQSzRtFo+F3Ao4Sf1C0bpLKejpKB/+j6MA==",
      "dependencies": [
        "mute-stream"
      ]
    },
    "@inquirer/type@2.0.0": {
      "integrity": "sha512-XvJRx+2KR3YXyYtPUUy+qd9i7p+GO9Ko6VIIpWlBrpWwXDv8WLFeHTxz35CfQFUiBMLXlGHhGzys7lqit9gWag==",
      "dependencies": [
        "mute-stream"
      ]
    },
    "@supabase/auth-js@2.65.1": {
      "integrity": "sha512-IA7i2Xq2SWNCNMKxwmPlHafBQda0qtnFr8QnyyBr+KaSxoXXqEzFCnQ1dGTy6bsZjVBgXu++o3qrDypTspaAPw==",
      "dependencies": [
        "@supabase/node-fetch"
      ]
    },
    "@supabase/functions-js@2.4.3": {
      "integrity": "sha512-sOLXy+mWRyu4LLv1onYydq+10mNRQ4rzqQxNhbrKLTLTcdcmS9hbWif0bGz/NavmiQfPs4ZcmQJp4WqOXlR4AQ==",
      "dependencies": [
        "@supabase/node-fetch"
      ]
    },
    "@supabase/node-fetch@2.6.15": {
      "integrity": "sha512-1ibVeYUacxWYi9i0cf5efil6adJ9WRyZBLivgjs+AUpewx1F3xPi7gLgaASI2SmIQxPoCEjAsLAzKPgMJVgOUQ==",
      "dependencies": [
        "whatwg-url"
      ]
    },
    "@supabase/postgrest-js@1.16.3": {
      "integrity": "sha512-HI6dsbW68AKlOPofUjDTaosiDBCtW4XAm0D18pPwxoW3zKOE2Ru13Z69Wuys9fd6iTpfDViNco5sgrtnP0666A==",
      "dependencies": [
        "@supabase/node-fetch"
      ]
    },
    "@supabase/realtime-js@2.10.9": {
      "integrity": "sha512-0AjN65VDNIScZzrrPaVvlND4vbgVS+j9Wcy3zf7e+l9JY4IwCTahFenPLcKy9bkr7KY0wfB7MkipZPKxMaDnjw==",
      "dependencies": [
        "@supabase/node-fetch",
        "@types/phoenix",
        "@types/ws",
        "ws"
      ]
    },
    "@supabase/storage-js@2.7.1": {
      "integrity": "sha512-asYHcyDR1fKqrMpytAS1zjyEfvxuOIp1CIXX7ji4lHHcJKqyk+sLl/Vxgm4sN6u8zvuUtae9e4kDxQP2qrwWBA==",
      "dependencies": [
        "@supabase/node-fetch"
      ]
    },
    "@ts-morph/common@0.25.0": {
      "integrity": "sha512-kMnZz+vGGHi4GoHnLmMhGNjm44kGtKUXGnOvrKmMwAuvNjM/PgKVGfUnL7IDvK7Jb2QQ82jq3Zmp04Gy+r3Dkg==",
      "dependencies": [
        "minimatch",
        "path-browserify",
        "tinyglobby"
      ]
    },
    "@types/mute-stream@0.0.4": {
      "integrity": "sha512-CPM9nzrCPPJHQNA9keH9CVkVI+WR5kMa+7XEs5jcGQ0VoAGnLv242w8lIVgwAEfmE4oufJRaTc9PNLQl0ioAow==",
      "dependencies": [
        "@types/node@22.5.4"
      ]
    },
    "@types/node@22.10.1": {
      "integrity": "sha512-qKgsUwfHZV2WCWLAnVP1JqnpE6Im6h3Y0+fYgMTasNQ7V++CBX5OT1as0g0f+OyubbFqhf6XVNIsmN4IIhEgGQ==",
      "dependencies": [
        "undici-types@6.20.0"
      ]
    },
    "@types/node@22.5.4": {
      "integrity": "sha512-FDuKUJQm/ju9fT/SeX/6+gBzoPzlVCzfzmGkwKvRHQVxi4BntVbyIwf6a4Xn62mrvndLiml6z/UBXIdEVjQLXg==",
      "dependencies": [
        "undici-types@6.19.8"
      ]
    },
    "@types/phoenix@1.6.6": {
      "integrity": "sha512-PIzZZlEppgrpoT2QgbnDU+MMzuR6BbCjllj0bM70lWoejMeNJAxCchxnv7J3XFkI8MpygtRpzXrIlmWUBclP5A=="
    },
    "@types/wrap-ansi@3.0.0": {
      "integrity": "sha512-ltIpx+kM7g/MLRZfkbL7EsCEjfzCcScLpkg37eXEtx5kmrAKBkTJwd1GIAjDSL8wTpM6Hzn5YO4pSb91BEwu1g=="
    },
    "@types/ws@8.5.13": {
      "integrity": "sha512-osM/gWBTPKgHV8XkTunnegTRIsvF6owmf5w+JtAfOw472dptdm0dlGv4xCt6GwQRcC2XVOvvRE/0bAoQcL2QkA==",
      "dependencies": [
        "@types/node@22.5.4"
      ]
    },
    "ansi-escapes@4.3.2": {
      "integrity": "sha512-gKXj5ALrKWQLsYG9jlTRmR/xKluxHV+Z9QEwNIgCfM1/uwPMCuzVVnh5mwTd+OuBZcwSIMbqssNWRm1lE51QaQ==",
      "dependencies": [
        "type-fest"
      ]
    },
    "ansi-regex@5.0.1": {
      "integrity": "sha512-quJQXlTSUGL2LH9SUXo8VwsY4soanhgo6LNSm84E1LBcE8s3O0wpdiRzyR9z/ZZJMlMWv37qOOb9pdJlMUEKFQ=="
    },
    "ansi-regex@6.1.0": {
      "integrity": "sha512-7HSX4QQb4CspciLpVFwyRe79O3xsIZDDLER21kERQ71oaPodF8jL725AgJMFAYbooIqolJoRLuM81SpeUkpkvA=="
    },
    "ansi-styles@4.3.0": {
      "integrity": "sha512-zbB9rCJAT1rbjiVDb2hqKFHNYLxgtk8NURxZ3IZwD3F6NtxbXZQCnnSi1Lkx+IDohdPlFp222wVALIheZJQSEg==",
      "dependencies": [
        "color-convert"
      ]
    },
    "balanced-match@1.0.2": {
      "integrity": "sha512-3oSeUO0TMV67hN1AmbXsK4yaqU7tjiHlbxRDZOpH0KW9+CeX4bRAaX0Anxt0tx2MrpRpWwQaPwIlISEJhYU5Pw=="
    },
    "brace-expansion@2.0.1": {
      "integrity": "sha512-XnAIvQ8eM+kC6aULx6wuQiwVsnzsi9d3WxzV3FpWTGA19F621kwdbsAcFKXgKUHZWsy+mY6iL1sHTxWEFCytDA==",
      "dependencies": [
        "balanced-match"
      ]
    },
    "chalk@5.3.0": {
      "integrity": "sha512-dLitG79d+GV1Nb/VYcCDFivJeK1hiukt9QjRNVOsUtTy1rR1YJsmpGGTZ3qJos+uw7WmWF4wUwBd9jxjocFC2w=="
    },
    "chardet@0.7.0": {
      "integrity": "sha512-mT8iDcrh03qDGRRmoA2hmBJnxpllMR+0/0qlzjqZES6NdiWDcZkCNAk4rPFZ9Q85r27unkiNNg8ZOiwZXBHwcA=="
    },
    "cli-cursor@5.0.0": {
      "integrity": "sha512-aCj4O5wKyszjMmDT4tZj93kxyydN/K5zPWSCe6/0AV/AA1pqe5ZBIw0a2ZfPQV7lL5/yb5HsUreJ6UFAF1tEQw==",
      "dependencies": [
        "restore-cursor"
      ]
    },
    "cli-spinners@2.9.2": {
      "integrity": "sha512-ywqV+5MmyL4E7ybXgKys4DugZbX0FC6LnwrhjuykIjnK9k8OQacQ7axGKnjDXWNhns0xot3bZI5h55H8yo9cJg=="
    },
    "cli-width@4.1.0": {
      "integrity": "sha512-ouuZd4/dm2Sw5Gmqy6bGyNNNe1qt9RpmxveLSO7KcgsTnU7RXfsw+/bukWGo1abgBiMAic068rclZsO4IWmmxQ=="
    },
    "code-block-writer@13.0.3": {
      "integrity": "sha512-Oofo0pq3IKnsFtuHqSF7TqBfr71aeyZDVJ0HpmqB7FBM2qEigL0iPONSCZSO9pE9dZTAxANe5XHG9Uy0YMv8cg=="
    },
    "color-convert@2.0.1": {
      "integrity": "sha512-RRECPsj7iu/xb5oKYcsFHSppFNnsj/52OVTRKb4zP5onXwVF3zVmmToNcOfGC+CRDpfK/U584fMg38ZHCaElKQ==",
      "dependencies": [
        "color-name"
      ]
    },
    "color-name@1.1.4": {
      "integrity": "sha512-dOy+3AuW3a2wNbZHIuMZpTcgjGuLU/uBL/ubcZF9OXbDo8ff4O8yVp5Bf0efS8uEoYo5q4Fx7dY9OgQGXgAsQA=="
    },
    "emoji-regex@10.4.0": {
      "integrity": "sha512-EC+0oUMY1Rqm4O6LLrgjtYDvcVYTy7chDnM4Q7030tP4Kwj3u/pR6gP9ygnp2CJMK5Gq+9Q2oqmrFJAz01DXjw=="
    },
    "emoji-regex@8.0.0": {
      "integrity": "sha512-MSjYzcWNOA0ewAHpz0MxpYFvwg6yjy1NG3xteoqz644VCo/RPgnr1/GGt+ic3iJTzQ8Eu3TdM14SawnVUmGE6A=="
    },
    "external-editor@3.1.0": {
      "integrity": "sha512-hMQ4CX1p1izmuLYyZqLMO/qGNw10wSv9QDCPfzXfyFrOaCSSoRfqE1Kf1s5an66J5JZC62NewG+mK49jOCtQew==",
      "dependencies": [
        "chardet",
        "iconv-lite",
        "tmp"
      ]
    },
    "fdir@6.4.2_picomatch@4.0.2": {
      "integrity": "sha512-KnhMXsKSPZlAhp7+IjUkRZKPb4fUyccpDrdFXbi4QL1qkmFh9kVY09Yox+n4MaOb3lHZ1Tv829C3oaaXoMYPDQ==",
      "dependencies": [
        "picomatch"
      ]
    },
    "frad@0.3.1": {
      "integrity": "sha512-jmYKDTUOAfI5N5gqOepTORzVaWEBLoPzhvvbS1wUkxPnbsyKArYxSNd4VEYLW42bifNa+QNsiBMSzt9nU9ZVqg==",
      "dependencies": [
        "chalk",
        "inquirer",
        "ora"
      ]
    },
    "get-east-asian-width@1.3.0": {
      "integrity": "sha512-vpeMIQKxczTD/0s2CdEWHcb0eeJe6TFjxb+J5xgX7hScxqrGuyjmv4c1D4A/gelKfyox0gJJwIHF+fLjeaM8kQ=="
    },
    "iconv-lite@0.4.24": {
      "integrity": "sha512-v3MXnZAcvnywkTUEZomIActle7RXXeedOR31wwl7VlyoXO4Qi9arvSenNQWne1TcRwhCL1HwLI21bEqdpj8/rA==",
      "dependencies": [
        "safer-buffer"
      ]
    },
    "inquirer@10.2.2": {
      "integrity": "sha512-tyao/4Vo36XnUItZ7DnUXX4f1jVao2mSrleV/5IPtW/XAEA26hRVsbc68nuTEKWcr5vMP/1mVoT2O7u8H4v1Vg==",
      "dependencies": [
        "@inquirer/core",
        "@inquirer/prompts",
        "@inquirer/type@1.5.5",
        "@types/mute-stream",
        "ansi-escapes",
        "mute-stream",
        "run-async",
        "rxjs"
      ]
    },
    "is-fullwidth-code-point@3.0.0": {
      "integrity": "sha512-zymm5+u+sCsSWyD9qNaejV3DFvhCKclKdizYaJUuHA83RLjb7nSuGnddCHGv0hk+KY7BMAlsWeK4Ueg6EV6XQg=="
    },
    "is-interactive@2.0.0": {
      "integrity": "sha512-qP1vozQRI+BMOPcjFzrjXuQvdak2pHNUMZoeG2eRbiSqyvbEf/wQtEOTOX1guk6E3t36RkaqiSt8A/6YElNxLQ=="
    },
    "is-unicode-supported@1.3.0": {
      "integrity": "sha512-43r2mRvz+8JRIKnWJ+3j8JtjRKZ6GmjzfaE/qiBJnikNnYv/6bagRJ1kUhNk8R5EX/GkobD+r+sfxCPJsiKBLQ=="
    },
    "is-unicode-supported@2.1.0": {
      "integrity": "sha512-mE00Gnza5EEB3Ds0HfMyllZzbBrmLOX3vfWoj9A9PEnTfratQ/BcaJOuMhnkhjXvb2+FkY3VuHqtAGpTPmglFQ=="
    },
    "log-symbols@6.0.0": {
      "integrity": "sha512-i24m8rpwhmPIS4zscNzK6MSEhk0DUWa/8iYQWxhffV8jkI4Phvs3F+quL5xvS0gdQR0FyTCMMH33Y78dDTzzIw==",
      "dependencies": [
        "chalk",
        "is-unicode-supported@1.3.0"
      ]
    },
    "mimic-function@5.0.1": {
      "integrity": "sha512-VP79XUPxV2CigYP3jWwAUFSku2aKqBH7uTAapFWCBqutsbmDo96KY5o8uh6U+/YSIn5OxJnXp73beVkpqMIGhA=="
    },
    "minimatch@9.0.5": {
      "integrity": "sha512-G6T0ZX48xgozx7587koeX9Ys2NYy6Gmv//P89sEte9V9whIapMNF4idKxnW2QtCcLiTWlb/wfCabAtAFWhhBow==",
      "dependencies": [
        "brace-expansion"
      ]
    },
    "mute-stream@1.0.0": {
      "integrity": "sha512-avsJQhyd+680gKXyG/sQc0nXaC6rBkPOfyHYcFb9+hdkqQkR9bdnkJ0AMZhke0oesPqIO+mFFJ+IdBc7mst4IA=="
    },
    "onetime@7.0.0": {
      "integrity": "sha512-VXJjc87FScF88uafS3JllDgvAm+c/Slfz06lorj2uAY34rlUu0Nt+v8wreiImcrgAjjIHp1rXpTDlLOGw29WwQ==",
      "dependencies": [
        "mimic-function"
      ]
    },
    "ora@8.1.1": {
      "integrity": "sha512-YWielGi1XzG1UTvOaCFaNgEnuhZVMSHYkW/FQ7UX8O26PtlpdM84c0f7wLPlkvx2RfiQmnzd61d/MGxmpQeJPw==",
      "dependencies": [
        "chalk",
        "cli-cursor",
        "cli-spinners",
        "is-interactive",
        "is-unicode-supported@2.1.0",
        "log-symbols",
        "stdin-discarder",
        "string-width@7.2.0",
        "strip-ansi@7.1.0"
      ]
    },
    "os-tmpdir@1.0.2": {
      "integrity": "sha512-D2FR03Vir7FIu45XBY20mTb+/ZSWB00sjU9jdQXt83gDrI4Ztz5Fs7/yy74g2N5SVQY4xY1qDr4rNddwYRVX0g=="
    },
    "path-browserify@1.0.1": {
      "integrity": "sha512-b7uo2UCUOYZcnF/3ID0lulOJi/bafxa1xPe7ZPsammBSpjSWQkjNxlt635YGS2MiR9GjvuXCtz2emr3jbsz98g=="
    },
    "picomatch@4.0.2": {
      "integrity": "sha512-M7BAV6Rlcy5u+m6oPhAPFgJTzAioX/6B0DxyvDlo9l8+T3nLKbrczg2WLUyzd45L8RqfUMyGPzekbMvX2Ldkwg=="
    },
    "pluralize@8.0.0": {
      "integrity": "sha512-Nc3IT5yHzflTfbjgqWcCPpo7DaKy4FnpB0l/zCAW0Tc7jxAiuqSxHasntB3D7887LSrA93kDJ9IXovxJYxyLCA=="
    },
    "restore-cursor@5.1.0": {
      "integrity": "sha512-oMA2dcrw6u0YfxJQXm342bFKX/E4sG9rbTzO9ptUcR/e8A33cHuvStiYOwH7fszkZlZ1z/ta9AAoPk2F4qIOHA==",
      "dependencies": [
        "onetime",
        "signal-exit"
      ]
    },
    "run-async@3.0.0": {
      "integrity": "sha512-540WwVDOMxA6dN6We19EcT9sc3hkXPw5mzRNGM3FkdN/vtE9NFvj5lFAPNwUDmJjXidm3v7TC1cTE7t17Ulm1Q=="
    },
    "rxjs@7.8.1": {
      "integrity": "sha512-AA3TVj+0A2iuIoQkWEK/tqFjBq2j+6PO6Y0zJcvzLAFhEFIO3HL0vls9hWLncZbAAbK0mar7oZ4V079I/qPMxg==",
      "dependencies": [
        "tslib"
      ]
    },
    "safer-buffer@2.1.2": {
      "integrity": "sha512-YZo3K82SD7Riyi0E1EQPojLz7kpepnSQI9IyPbHHg1XXXevb5dJI7tpyN2ADxGcQbHG7vcyRHk0cbwqcQriUtg=="
    },
    "signal-exit@4.1.0": {
      "integrity": "sha512-bzyZ1e88w9O1iNJbKnOlvYTrWPDl46O1bG0D3XInv+9tkPrxrN8jUUTiFlDkkmKWgn1M6CfIA13SuGqOa9Korw=="
    },
    "stdin-discarder@0.2.2": {
      "integrity": "sha512-UhDfHmA92YAlNnCfhmq0VeNL5bDbiZGg7sZ2IvPsXubGkiNa9EC+tUTsjBRsYUAz87btI6/1wf4XoVvQ3uRnmQ=="
    },
    "string-width@4.2.3": {
      "integrity": "sha512-wKyQRQpjJ0sIp62ErSZdGsjMJWsap5oRNihHhu6G7JVO/9jIB6UyevL+tXuOqrng8j/cxKTWyWUwvSTriiZz/g==",
      "dependencies": [
        "emoji-regex@8.0.0",
        "is-fullwidth-code-point",
        "strip-ansi@6.0.1"
      ]
    },
    "string-width@7.2.0": {
      "integrity": "sha512-tsaTIkKW9b4N+AEj+SVA+WhJzV7/zMhcSu78mLKWSk7cXMOSHsBKFWUs0fWwq8QyK3MgJBQRX6Gbi4kYbdvGkQ==",
      "dependencies": [
        "emoji-regex@10.4.0",
        "get-east-asian-width",
        "strip-ansi@7.1.0"
      ]
    },
    "strip-ansi@6.0.1": {
      "integrity": "sha512-Y38VPSHcqkFrCpFnQ9vuSXmquuv5oXOKpGeT6aGrr3o3Gc9AlVa6JBfUSOCnbxGGZF+/0ooI7KrPuUSztUdU5A==",
      "dependencies": [
        "ansi-regex@5.0.1"
      ]
    },
    "strip-ansi@7.1.0": {
      "integrity": "sha512-iq6eVVI64nQQTRYq2KtEg2d2uU7LElhTJwsH4YzIHZshxlgZms/wIc4VoDQTlG/IvVIrBKG06CrZnp0qv7hkcQ==",
      "dependencies": [
        "ansi-regex@6.1.0"
      ]
    },
    "tinyglobby@0.2.10_picomatch@4.0.2": {
      "integrity": "sha512-Zc+8eJlFMvgatPZTl6A9L/yht8QqdmUNtURHaKZLmKBE12hNPSrqNkUp2cs3M/UKmNVVAMFQYSjYIVHDjW5zew==",
      "dependencies": [
        "fdir",
        "picomatch"
      ]
    },
    "tmp@0.0.33": {
      "integrity": "sha512-jRCJlojKnZ3addtTOjdIqoRuPEKBvNXcGYqzO6zWZX8KfKEpnGY5jfggJQ3EjKuu8D4bJRr0y+cYJFmYbImXGw==",
      "dependencies": [
        "os-tmpdir"
      ]
    },
    "tr46@0.0.3": {
      "integrity": "sha512-N3WMsuqV66lT30CrXNbEjx4GEwlow3v6rr4mCcv6prnfwhS01rkgyFdjPNBYd9br7LpXV1+Emh01fHnq2Gdgrw=="
    },
    "ts-morph@24.0.0": {
      "integrity": "sha512-2OAOg/Ob5yx9Et7ZX4CvTCc0UFoZHwLEJ+dpDPSUi5TgwwlTlX47w+iFRrEwzUZwYACjq83cgjS/Da50Ga37uw==",
      "dependencies": [
        "@ts-morph/common",
        "code-block-writer"
      ]
    },
    "tslib@2.8.1": {
      "integrity": "sha512-oJFu94HQb+KVduSUQL7wnpmqnfmLsOA/nAh6b6EH0wCEoK0/mPeXU6c3wKDV83MkOuHPRHtSXKKU99IBazS/2w=="
    },
    "type-fest@0.21.3": {
      "integrity": "sha512-t0rzBq87m3fVcduHDUFhKmyyX+9eo6WQjZvf51Ea/M0Q7+T374Jp1aUiyUl0GKxp8M/OETVHSDvmkyPgvX+X2w=="
    },
    "undici-types@6.19.8": {
      "integrity": "sha512-ve2KP6f/JnbPBFyobGHuerC9g1FYGn/F8n1LWTwNxCEzd6IfqTwUQcNXgEtmmQ6DlRrC1hrSrBnCZPokRrDHjw=="
    },
    "undici-types@6.20.0": {
      "integrity": "sha512-Ny6QZ2Nju20vw1SRHe3d9jVu6gJ+4e3+MMpqu7pqE5HT6WsTSlce++GQmK5UXS8mzV8DSYHrQH+Xrf2jVcuKNg=="
    },
    "webidl-conversions@3.0.1": {
      "integrity": "sha512-2JAn3z8AR6rjK8Sm8orRC0h/bcl/DqL7tRPdGZ4I1CjdF+EaMLmYxBHyXuKL849eucPFhvBoxMsflfOb8kxaeQ=="
    },
    "whatwg-url@5.0.0": {
      "integrity": "sha512-saE57nupxk6v3HY35+jzBwYa0rKSy0XR8JSxZPwgLr7ys0IBzhGviA1/TUGJLmSVqs8pb9AnvICXEuOHLprYTw==",
      "dependencies": [
        "tr46",
        "webidl-conversions"
      ]
    },
    "wrap-ansi@6.2.0": {
      "integrity": "sha512-r6lPcBGxZXlIcymEu7InxDMhdW0KDxpLgoFLcguasxCaJ/SOIZwINatK9KY/tf+ZrlywOKU0UDj3ATXUBfxJXA==",
      "dependencies": [
        "ansi-styles",
        "string-width@4.2.3",
        "strip-ansi@6.0.1"
      ]
    },
    "ws@8.18.0": {
      "integrity": "sha512-8VbfWfHLbbwu3+N6OKsOMpBdT4kXPDDB9cJk2bJ6mh9ucxdlnNvH1e+roYkKmN9Nxw2yjz7VzeO9oOz2zJ04Pw=="
    },
    "yoctocolors-cjs@2.1.2": {
      "integrity": "sha512-cYVsTjKl8b+FrnidjibDWskAv7UKOfcwaVZdp/it9n1s9fU3IkgDbhdIRKCW4JDsAlECJY0ytoVPT3sK6kideA=="
    },
    "zod@3.23.8": {
      "integrity": "sha512-XBx9AXhXktjUqnepgTiE5flcKIYWi/rme0Eaj+5Y0lftuGBq+jyRu/md4WnuxqgP1ubdpNCsYEYPxrzVHD8d6g=="
    }
  },
  "workspace": {
    "dependencies": [
      "jsr:@std/assert@1",
      "jsr:@supabase/supabase-js@^2.46.2",
      "npm:frad@~0.3.1",
      "npm:pluralize@8",
      "npm:ts-morph@24",
      "npm:zod@^3.23.8"
    ]
  }
}
